// !$*UTF8*$!
{
	archiveVersion = 1;
	classes = {
	};
	objectVersion = 46;
	objects = {

/* Begin PBXBuildFile section */
		9F321DE31A72A5A90085B057 /* card_bg.png in Resources */ = {isa = PBXBuildFile; fileRef = 9F321DE11A72A5A90085B057 /* card_bg.png */; };
		9F321DE41A72A5A90085B057 /* card_bg@2x.png in Resources */ = {isa = PBXBuildFile; fileRef = 9F321DE21A72A5A90085B057 /* card_bg@2x.png */; };
		9F321DEB1A72A7F90085B057 /* logo.png in Resources */ = {isa = PBXBuildFile; fileRef = 9F321DE91A72A7F90085B057 /* logo.png */; };
		9F321DEC1A72A7F90085B057 /* logo@2x.png in Resources */ = {isa = PBXBuildFile; fileRef = 9F321DEA1A72A7F90085B057 /* logo@2x.png */; };
		9F321DEF1A72AE600085B057 /* Utilities.m in Sources */ = {isa = PBXBuildFile; fileRef = 9F321DEE1A72AE600085B057 /* Utilities.m */; };
		9F321DF21A72B21F0085B057 /* HighScoreViewController.m in Sources */ = {isa = PBXBuildFile; fileRef = 9F321DF11A72B21F0085B057 /* HighScoreViewController.m */; };
		9F321DF51A72B2A80085B057 /* HighScoreCell.m in Sources */ = {isa = PBXBuildFile; fileRef = 9F321DF41A72B2A80085B057 /* HighScoreCell.m */; };
		9F3F91771A725FC2001CE73C /* main.m in Sources */ = {isa = PBXBuildFile; fileRef = 9F3F91761A725FC2001CE73C /* main.m */; };
		9F3F917A1A725FC2001CE73C /* AppDelegate.m in Sources */ = {isa = PBXBuildFile; fileRef = 9F3F91791A725FC2001CE73C /* AppDelegate.m */; };
		9F3F917D1A725FC2001CE73C /* Memory_Game.xcdatamodeld in Sources */ = {isa = PBXBuildFile; fileRef = 9F3F917B1A725FC2001CE73C /* Memory_Game.xcdatamodeld */; };
		9F3F91801A725FC2001CE73C /* GameViewController.m in Sources */ = {isa = PBXBuildFile; fileRef = 9F3F917F1A725FC2001CE73C /* GameViewController.m */; };
		9F3F91831A725FC2001CE73C /* Main.storyboard in Resources */ = {isa = PBXBuildFile; fileRef = 9F3F91811A725FC2001CE73C /* Main.storyboard */; };
		9F3F91851A725FC2001CE73C /* Images.xcassets in Resources */ = {isa = PBXBuildFile; fileRef = 9F3F91841A725FC2001CE73C /* Images.xcassets */; };
		9F3F91881A725FC2001CE73C /* LaunchScreen.xib in Resources */ = {isa = PBXBuildFile; fileRef = 9F3F91861A725FC2001CE73C /* LaunchScreen.xib */; };
		9F3F91941A725FC2001CE73C /* Memory_GameTests.m in Sources */ = {isa = PBXBuildFile; fileRef = 9F3F91931A725FC2001CE73C /* Memory_GameTests.m */; };
		9F3F91AB1A72600B001CE73C /* colour1.png in Resources */ = {isa = PBXBuildFile; fileRef = 9F3F919F1A72600B001CE73C /* colour1.png */; };
		9F3F91AC1A72600B001CE73C /* colour2.png in Resources */ = {isa = PBXBuildFile; fileRef = 9F3F91A01A72600B001CE73C /* colour2.png */; };
		9F3F91AD1A72600B001CE73C /* colour3.png in Resources */ = {isa = PBXBuildFile; fileRef = 9F3F91A11A72600B001CE73C /* colour3.png */; };
		9F3F91AE1A72600B001CE73C /* colour4.png in Resources */ = {isa = PBXBuildFile; fileRef = 9F3F91A21A72600B001CE73C /* colour4.png */; };
		9F3F91AF1A72600B001CE73C /* colour5.png in Resources */ = {isa = PBXBuildFile; fileRef = 9F3F91A31A72600B001CE73C /* colour5.png */; };
		9F3F91B01A72600B001CE73C /* colour6.png in Resources */ = {isa = PBXBuildFile; fileRef = 9F3F91A41A72600B001CE73C /* colour6.png */; };
		9F3F91B11A72600B001CE73C /* colour7.png in Resources */ = {isa = PBXBuildFile; fileRef = 9F3F91A51A72600B001CE73C /* colour7.png */; };
		9F3F91B21A72600B001CE73C /* colour8.png in Resources */ = {isa = PBXBuildFile; fileRef = 9F3F91A61A72600B001CE73C /* colour8.png */; };
		9F3F91B31A72600B001CE73C /* icon_57x57.png in Resources */ = {isa = PBXBuildFile; fileRef = 9F3F91A71A72600B001CE73C /* icon_57x57.png */; };
		9F3F91B41A72600B001CE73C /* iphone_padding_reference.jpg in Resources */ = {isa = PBXBuildFile; fileRef = 9F3F91A81A72600B001CE73C /* iphone_padding_reference.jpg */; };
/* End PBXBuildFile section */

/* Begin PBXContainerItemProxy section */
		9F3F918E1A725FC2001CE73C /* PBXContainerItemProxy */ = {
			isa = PBXContainerItemProxy;
			containerPortal = 9F3F91691A725FC2001CE73C /* Project object */;
			proxyType = 1;
			remoteGlobalIDString = 9F3F91701A725FC2001CE73C;
			remoteInfo = "Memory Game";
		};
/* End PBXContainerItemProxy section */

/* Begin PBXFileReference section */
		9F321DE11A72A5A90085B057 /* card_bg.png */ = {isa = PBXFileReference; lastKnownFileType = image.png; path = card_bg.png; sourceTree = "<group>"; };
		9F321DE21A72A5A90085B057 /* card_bg@2x.png */ = {isa = PBXFileReference; lastKnownFileType = image.png; path = "card_bg@2x.png"; sourceTree = "<group>"; };
		9F321DE91A72A7F90085B057 /* logo.png */ = {isa = PBXFileReference; lastKnownFileType = image.png; path = logo.png; sourceTree = "<group>"; };
		9F321DEA1A72A7F90085B057 /* logo@2x.png */ = {isa = PBXFileReference; lastKnownFileType = image.png; path = "logo@2x.png"; sourceTree = "<group>"; };
		9F321DED1A72AE600085B057 /* Utilities.h */ = {isa = PBXFileReference; fileEncoding = 4; lastKnownFileType = sourcecode.c.h; path = Utilities.h; sourceTree = "<group>"; };
		9F321DEE1A72AE600085B057 /* Utilities.m */ = {isa = PBXFileReference; fileEncoding = 4; lastKnownFileType = sourcecode.c.objc; path = Utilities.m; sourceTree = "<group>"; };
		9F321DF01A72B21F0085B057 /* HighScoreViewController.h */ = {isa = PBXFileReference; fileEncoding = 4; lastKnownFileType = sourcecode.c.h; path = HighScoreViewController.h; sourceTree = "<group>"; };
		9F321DF11A72B21F0085B057 /* HighScoreViewController.m */ = {isa = PBXFileReference; fileEncoding = 4; lastKnownFileType = sourcecode.c.objc; path = HighScoreViewController.m; sourceTree = "<group>"; };
		9F321DF31A72B2A80085B057 /* HighScoreCell.h */ = {isa = PBXFileReference; fileEncoding = 4; lastKnownFileType = sourcecode.c.h; path = HighScoreCell.h; sourceTree = "<group>"; };
		9F321DF41A72B2A80085B057 /* HighScoreCell.m */ = {isa = PBXFileReference; fileEncoding = 4; lastKnownFileType = sourcecode.c.objc; path = HighScoreCell.m; sourceTree = "<group>"; };
		9F3F91711A725FC2001CE73C /* Colour Memory.app */ = {isa = PBXFileReference; explicitFileType = wrapper.application; includeInIndex = 0; path = "Colour Memory.app"; sourceTree = BUILT_PRODUCTS_DIR; };
		9F3F91751A725FC2001CE73C /* Info.plist */ = {isa = PBXFileReference; lastKnownFileType = text.plist.xml; path = Info.plist; sourceTree = "<group>"; };
		9F3F91761A725FC2001CE73C /* main.m */ = {isa = PBXFileReference; lastKnownFileType = sourcecode.c.objc; path = main.m; sourceTree = "<group>"; };
		9F3F91781A725FC2001CE73C /* AppDelegate.h */ = {isa = PBXFileReference; lastKnownFileType = sourcecode.c.h; path = AppDelegate.h; sourceTree = "<group>"; };
		9F3F91791A725FC2001CE73C /* AppDelegate.m */ = {isa = PBXFileReference; lastKnownFileType = sourcecode.c.objc; path = AppDelegate.m; sourceTree = "<group>"; };
		9F3F917C1A725FC2001CE73C /* Memory_Game.xcdatamodel */ = {isa = PBXFileReference; lastKnownFileType = wrapper.xcdatamodel; path = Memory_Game.xcdatamodel; sourceTree = "<group>"; };
		9F3F917E1A725FC2001CE73C /* GameViewController.h */ = {isa = PBXFileReference; lastKnownFileType = sourcecode.c.h; path = GameViewController.h; sourceTree = "<group>"; };
		9F3F917F1A725FC2001CE73C /* GameViewController.m */ = {isa = PBXFileReference; lastKnownFileType = sourcecode.c.objc; path = GameViewController.m; sourceTree = "<group>"; };
		9F3F91821A725FC2001CE73C /* Base */ = {isa = PBXFileReference; lastKnownFileType = file.storyboard; name = Base; path = Base.lproj/Main.storyboard; sourceTree = "<group>"; };
		9F3F91841A725FC2001CE73C /* Images.xcassets */ = {isa = PBXFileReference; lastKnownFileType = folder.assetcatalog; path = Images.xcassets; sourceTree = "<group>"; };
		9F3F91871A725FC2001CE73C /* Base */ = {isa = PBXFileReference; lastKnownFileType = file.xib; name = Base; path = Base.lproj/LaunchScreen.xib; sourceTree = "<group>"; };
		9F3F918D1A725FC2001CE73C /* Colour MemoryTests.xctest */ = {isa = PBXFileReference; explicitFileType = wrapper.cfbundle; includeInIndex = 0; path = "Colour MemoryTests.xctest"; sourceTree = BUILT_PRODUCTS_DIR; };
		9F3F91921A725FC2001CE73C /* Info.plist */ = {isa = PBXFileReference; lastKnownFileType = text.plist.xml; path = Info.plist; sourceTree = "<group>"; };
		9F3F91931A725FC2001CE73C /* Memory_GameTests.m */ = {isa = PBXFileReference; lastKnownFileType = sourcecode.c.objc; path = Memory_GameTests.m; sourceTree = "<group>"; };
		9F3F919F1A72600B001CE73C /* colour1.png */ = {isa = PBXFileReference; lastKnownFileType = image.png; path = colour1.png; sourceTree = "<group>"; };
		9F3F91A01A72600B001CE73C /* colour2.png */ = {isa = PBXFileReference; lastKnownFileType = image.png; path = colour2.png; sourceTree = "<group>"; };
		9F3F91A11A72600B001CE73C /* colour3.png */ = {isa = PBXFileReference; lastKnownFileType = image.png; path = colour3.png; sourceTree = "<group>"; };
		9F3F91A21A72600B001CE73C /* colour4.png */ = {isa = PBXFileReference; lastKnownFileType = image.png; path = colour4.png; sourceTree = "<group>"; };
		9F3F91A31A72600B001CE73C /* colour5.png */ = {isa = PBXFileReference; lastKnownFileType = image.png; path = colour5.png; sourceTree = "<group>"; };
		9F3F91A41A72600B001CE73C /* colour6.png */ = {isa = PBXFileReference; lastKnownFileType = image.png; path = colour6.png; sourceTree = "<group>"; };
		9F3F91A51A72600B001CE73C /* colour7.png */ = {isa = PBXFileReference; lastKnownFileType = image.png; path = colour7.png; sourceTree = "<group>"; };
		9F3F91A61A72600B001CE73C /* colour8.png */ = {isa = PBXFileReference; lastKnownFileType = image.png; path = colour8.png; sourceTree = "<group>"; };
		9F3F91A71A72600B001CE73C /* icon_57x57.png */ = {isa = PBXFileReference; lastKnownFileType = image.png; path = icon_57x57.png; sourceTree = "<group>"; };
		9F3F91A81A72600B001CE73C /* iphone_padding_reference.jpg */ = {isa = PBXFileReference; lastKnownFileType = image.jpeg; path = iphone_padding_reference.jpg; sourceTree = "<group>"; };
/* End PBXFileReference section */

/* Begin PBXFrameworksBuildPhase section */
		9F3F916E1A725FC2001CE73C /* Frameworks */ = {
			isa = PBXFrameworksBuildPhase;
			buildActionMask = 2147483647;
			files = (
			);
			runOnlyForDeploymentPostprocessing = 0;
		};
		9F3F918A1A725FC2001CE73C /* Frameworks */ = {
			isa = PBXFrameworksBuildPhase;
			buildActionMask = 2147483647;
			files = (
			);
			runOnlyForDeploymentPostprocessing = 0;
		};
/* End PBXFrameworksBuildPhase section */

/* Begin PBXGroup section */
		9F3F91681A725FC2001CE73C = {
			isa = PBXGroup;
			children = (
				9F3F91731A725FC2001CE73C /* Colour Memory */,
				9F3F91901A725FC2001CE73C /* Colour MemoryTests */,
				9F3F91721A725FC2001CE73C /* Products */,
			);
			sourceTree = "<group>";
		};
		9F3F91721A725FC2001CE73C /* Products */ = {
			isa = PBXGroup;
			children = (
				9F3F91711A725FC2001CE73C /* Colour Memory.app */,
				9F3F918D1A725FC2001CE73C /* Colour MemoryTests.xctest */,
			);
			name = Products;
			sourceTree = "<group>";
		};
		9F3F91731A725FC2001CE73C /* Colour Memory */ = {
			isa = PBXGroup;
			children = (
				9F8679771AD1316300DCB318 /* Models */,
				9F3F917E1A725FC2001CE73C /* GameViewController.h */,
				9F3F917F1A725FC2001CE73C /* GameViewController.m */,
				9F321DF01A72B21F0085B057 /* HighScoreViewController.h */,
				9F321DF11A72B21F0085B057 /* HighScoreViewController.m */,
				9F3F91811A725FC2001CE73C /* Main.storyboard */,
				9F3F91841A725FC2001CE73C /* Images.xcassets */,
				9F3F91861A725FC2001CE73C /* LaunchScreen.xib */,
				9F3F917B1A725FC2001CE73C /* Memory_Game.xcdatamodeld */,
				9F3F91741A725FC2001CE73C /* Supporting Files */,
			);
			path = "Colour Memory";
			sourceTree = "<group>";
		};
		9F3F91741A725FC2001CE73C /* Supporting Files */ = {
			isa = PBXGroup;
			children = (
				9F3F919D1A725FF8001CE73C /* Images */,
				9F3F91751A725FC2001CE73C /* Info.plist */,
				9F3F91761A725FC2001CE73C /* main.m */,
			);
			name = "Supporting Files";
			sourceTree = "<group>";
		};
		9F3F91901A725FC2001CE73C /* Colour MemoryTests */ = {
			isa = PBXGroup;
			children = (
				9F3F91931A725FC2001CE73C /* Memory_GameTests.m */,
				9F3F91911A725FC2001CE73C /* Supporting Files */,
			);
			path = "Colour MemoryTests";
			sourceTree = "<group>";
		};
		9F3F91911A725FC2001CE73C /* Supporting Files */ = {
			isa = PBXGroup;
			children = (
				9F3F91921A725FC2001CE73C /* Info.plist */,
			);
			name = "Supporting Files";
			sourceTree = "<group>";
		};
		9F3F919D1A725FF8001CE73C /* Images */ = {
			isa = PBXGroup;
			children = (
				9F321DE91A72A7F90085B057 /* logo.png */,
				9F321DEA1A72A7F90085B057 /* logo@2x.png */,
				9F321DE11A72A5A90085B057 /* card_bg.png */,
				9F321DE21A72A5A90085B057 /* card_bg@2x.png */,
				9F3F919F1A72600B001CE73C /* colour1.png */,
				9F3F91A01A72600B001CE73C /* colour2.png */,
				9F3F91A11A72600B001CE73C /* colour3.png */,
				9F3F91A21A72600B001CE73C /* colour4.png */,
				9F3F91A31A72600B001CE73C /* colour5.png */,
				9F3F91A41A72600B001CE73C /* colour6.png */,
				9F3F91A51A72600B001CE73C /* colour7.png */,
				9F3F91A61A72600B001CE73C /* colour8.png */,
				9F3F91A71A72600B001CE73C /* icon_57x57.png */,
				9F3F91A81A72600B001CE73C /* iphone_padding_reference.jpg */,
			);
			name = Images;
			sourceTree = "<group>";
		};
		9F8679771AD1316300DCB318 /* Models */ = {
			isa = PBXGroup;
			children = (
				9F321DED1A72AE600085B057 /* Utilities.h */,
				9F321DEE1A72AE600085B057 /* Utilities.m */,
				9F3F91781A725FC2001CE73C /* AppDelegate.h */,
				9F3F91791A725FC2001CE73C /* AppDelegate.m */,
				9F321DF31A72B2A80085B057 /* HighScoreCell.h */,
				9F321DF41A72B2A80085B057 /* HighScoreCell.m */,
			);
			name = Models;
			sourceTree = "<group>";
		};
/* End PBXGroup section */

/* Begin PBXNativeTarget section */
		9F3F91701A725FC2001CE73C /* Colour Memory */ = {
			isa = PBXNativeTarget;
			buildConfigurationList = 9F3F91971A725FC2001CE73C /* Build configuration list for PBXNativeTarget "Colour Memory" */;
			buildPhases = (
				9F3F916D1A725FC2001CE73C /* Sources */,
				9F3F916E1A725FC2001CE73C /* Frameworks */,
				9F3F916F1A725FC2001CE73C /* Resources */,
			);
			buildRules = (
			);
			dependencies = (
			);
			name = "Colour Memory";
			productName = "Memory Game";
			productReference = 9F3F91711A725FC2001CE73C /* Colour Memory.app */;
			productType = "com.apple.product-type.application";
		};
		9F3F918C1A725FC2001CE73C /* Colour MemoryTests */ = {
			isa = PBXNativeTarget;
			buildConfigurationList = 9F3F919A1A725FC2001CE73C /* Build configuration list for PBXNativeTarget "Colour MemoryTests" */;
			buildPhases = (
				9F3F91891A725FC2001CE73C /* Sources */,
				9F3F918A1A725FC2001CE73C /* Frameworks */,
				9F3F918B1A725FC2001CE73C /* Resources */,
			);
			buildRules = (
			);
			dependencies = (
				9F3F918F1A725FC2001CE73C /* PBXTargetDependency */,
			);
			name = "Colour MemoryTests";
			productName = "Memory GameTests";
			productReference = 9F3F918D1A725FC2001CE73C /* Colour MemoryTests.xctest */;
			productType = "com.apple.product-type.bundle.unit-test";
		};
/* End PBXNativeTarget section */

/* Begin PBXProject section */
		9F3F91691A725FC2001CE73C /* Project object */ = {
			isa = PBXProject;
			attributes = {
				LastUpgradeCheck = 0610;
				ORGANIZATIONNAME = "Mohammad Ashraful Kabir";
				TargetAttributes = {
					9F3F91701A725FC2001CE73C = {
						CreatedOnToolsVersion = 6.1;
					};
					9F3F918C1A725FC2001CE73C = {
						CreatedOnToolsVersion = 6.1;
						TestTargetID = 9F3F91701A725FC2001CE73C;
					};
				};
			};
			buildConfigurationList = 9F3F916C1A725FC2001CE73C /* Build configuration list for PBXProject "Colour Memory" */;
			compatibilityVersion = "Xcode 3.2";
			developmentRegion = English;
			hasScannedForEncodings = 0;
			knownRegions = (
				en,
				Base,
			);
			mainGroup = 9F3F91681A725FC2001CE73C;
			productRefGroup = 9F3F91721A725FC2001CE73C /* Products */;
			projectDirPath = "";
			projectRoot = "";
			targets = (
				9F3F91701A725FC2001CE73C /* Colour Memory */,
				9F3F918C1A725FC2001CE73C /* Colour MemoryTests */,
			);
		};
/* End PBXProject section */

/* Begin PBXResourcesBuildPhase section */
		9F3F916F1A725FC2001CE73C /* Resources */ = {
			isa = PBXResourcesBuildPhase;
			buildActionMask = 2147483647;
			files = (
				9F3F91AC1A72600B001CE73C /* colour2.png in Resources */,
				9F321DE31A72A5A90085B057 /* card_bg.png in Resources */,
				9F3F91B41A72600B001CE73C /* iphone_padding_reference.jpg in Resources */,
				9F3F91B31A72600B001CE73C /* icon_57x57.png in Resources */,
				9F3F91831A725FC2001CE73C /* Main.storyboard in Resources */,
				9F3F91AF1A72600B001CE73C /* colour5.png in Resources */,
				9F3F91B01A72600B001CE73C /* colour6.png in Resources */,
				9F321DEC1A72A7F90085B057 /* logo@2x.png in Resources */,
				9F3F91881A725FC2001CE73C /* LaunchScreen.xib in Resources */,
				9F3F91B21A72600B001CE73C /* colour8.png in Resources */,
				9F3F91851A725FC2001CE73C /* Images.xcassets in Resources */,
				9F3F91AB1A72600B001CE73C /* colour1.png in Resources */,
				9F3F91AE1A72600B001CE73C /* colour4.png in Resources */,
				9F321DEB1A72A7F90085B057 /* logo.png in Resources */,
				9F321DE41A72A5A90085B057 /* card_bg@2x.png in Resources */,
				9F3F91AD1A72600B001CE73C /* colour3.png in Resources */,
				9F3F91B11A72600B001CE73C /* colour7.png in Resources */,
			);
			runOnlyForDeploymentPostprocessing = 0;
		};
		9F3F918B1A725FC2001CE73C /* Resources */ = {
			isa = PBXResourcesBuildPhase;
			buildActionMask = 2147483647;
			files = (
			);
			runOnlyForDeploymentPostprocessing = 0;
		};
/* End PBXResourcesBuildPhase section */

/* Begin PBXSourcesBuildPhase section */
		9F3F916D1A725FC2001CE73C /* Sources */ = {
			isa = PBXSourcesBuildPhase;
			buildActionMask = 2147483647;
			files = (
				9F3F917D1A725FC2001CE73C /* Memory_Game.xcdatamodeld in Sources */,
				9F3F917A1A725FC2001CE73C /* AppDelegate.m in Sources */,
				9F3F91801A725FC2001CE73C /* GameViewController.m in Sources */,
				9F3F91771A725FC2001CE73C /* main.m in Sources */,
				9F321DEF1A72AE600085B057 /* Utilities.m in Sources */,
				9F321DF51A72B2A80085B057 /* HighScoreCell.m in Sources */,
				9F321DF21A72B21F0085B057 /* HighScoreViewController.m in Sources */,
			);
			runOnlyForDeploymentPostprocessing = 0;
		};
		9F3F91891A725FC2001CE73C /* Sources */ = {
			isa = PBXSourcesBuildPhase;
			buildActionMask = 2147483647;
			files = (
				9F3F91941A725FC2001CE73C /* Memory_GameTests.m in Sources */,
			);
			runOnlyForDeploymentPostprocessing = 0;
		};
/* End PBXSourcesBuildPhase section */

/* Begin PBXTargetDependency section */
		9F3F918F1A725FC2001CE73C /* PBXTargetDependency */ = {
			isa = PBXTargetDependency;
			target = 9F3F91701A725FC2001CE73C /* Colour Memory */;
			targetProxy = 9F3F918E1A725FC2001CE73C /* PBXContainerItemProxy */;
		};
/* End PBXTargetDependency section */

/* Begin PBXVariantGroup section */
		9F3F91811A725FC2001CE73C /* Main.storyboard */ = {
			isa = PBXVariantGroup;
			children = (
				9F3F91821A725FC2001CE73C /* Base */,
			);
			name = Main.storyboard;
			sourceTree = "<group>";
		};
		9F3F91861A725FC2001CE73C /* LaunchScreen.xib */ = {
			isa = PBXVariantGroup;
			children = (
				9F3F91871A725FC2001CE73C /* Base */,
			);
			name = LaunchScreen.xib;
			sourceTree = "<group>";
		};
/* End PBXVariantGroup section */

/* Begin XCBuildConfiguration section */
		9F3F91951A725FC2001CE73C /* Debug */ = {
			isa = XCBuildConfiguration;
			buildSettings = {
				ALWAYS_SEARCH_USER_PATHS = NO;
				CLANG_CXX_LANGUAGE_STANDARD = "gnu++0x";
				CLANG_CXX_LIBRARY = "libc++";
				CLANG_ENABLE_MODULES = YES;
				CLANG_ENABLE_OBJC_ARC = YES;
				CLANG_WARN_BOOL_CONVERSION = YES;
				CLANG_WARN_CONSTANT_CONVERSION = YES;
				CLANG_WARN_DIRECT_OBJC_ISA_USAGE = YES_ERROR;
				CLANG_WARN_EMPTY_BODY = YES;
				CLANG_WARN_ENUM_CONVERSION = YES;
				CLANG_WARN_INT_CONVERSION = YES;
				CLANG_WARN_OBJC_ROOT_CLASS = YES_ERROR;
				CLANG_WARN_UNREACHABLE_CODE = YES;
				CLANG_WARN__DUPLICATE_METHOD_MATCH = YES;
				"CODE_SIGN_IDENTITY[sdk=iphoneos*]" = "iPhone Developer";
				COPY_PHASE_STRIP = NO;
				ENABLE_STRICT_OBJC_MSGSEND = YES;
				GCC_C_LANGUAGE_STANDARD = gnu99;
				GCC_DYNAMIC_NO_PIC = NO;
				GCC_OPTIMIZATION_LEVEL = 0;
				GCC_PREPROCESSOR_DEFINITIONS = (
					"DEBUG=1",
					"$(inherited)",
				);
				GCC_SYMBOLS_PRIVATE_EXTERN = NO;
				GCC_WARN_64_TO_32_BIT_CONVERSION = YES;
				GCC_WARN_ABOUT_RETURN_TYPE = YES_ERROR;
				GCC_WARN_UNDECLARED_SELECTOR = YES;
				GCC_WARN_UNINITIALIZED_AUTOS = YES_AGGRESSIVE;
				GCC_WARN_UNUSED_FUNCTION = YES;
				GCC_WARN_UNUSED_VARIABLE = YES;
				IPHONEOS_DEPLOYMENT_TARGET = 8.1;
				MTL_ENABLE_DEBUG_INFO = YES;
				ONLY_ACTIVE_ARCH = YES;
				SDKROOT = iphoneos;
			};
			name = Debug;
		};
		9F3F91961A725FC2001CE73C /* Release */ = {
			isa = XCBuildConfiguration;
			buildSettings = {
				ALWAYS_SEARCH_USER_PATHS = NO;
				CLANG_CXX_LANGUAGE_STANDARD = "gnu++0x";
				CLANG_CXX_LIBRARY = "libc++";
				CLANG_ENABLE_MODULES = YES;
				CLANG_ENABLE_OBJC_ARC = YES;
				CLANG_WARN_BOOL_CONVERSION = YES;
				CLANG_WARN_CONSTANT_CONVERSION = YES;
				CLANG_WARN_DIRECT_OBJC_ISA_USAGE = YES_ERROR;
				CLANG_WARN_EMPTY_BODY = YES;
				CLANG_WARN_ENUM_CONVERSION = YES;
				CLANG_WARN_INT_CONVERSION = YES;
				CLANG_WARN_OBJC_ROOT_CLASS = YES_ERROR;
				CLANG_WARN_UNREACHABLE_CODE = YES;
				CLANG_WARN__DUPLICATE_METHOD_MATCH = YES;
				"CODE_SIGN_IDENTITY[sdk=iphoneos*]" = "iPhone Developer";
				COPY_PHASE_STRIP = YES;
				ENABLE_NS_ASSERTIONS = NO;
				ENABLE_STRICT_OBJC_MSGSEND = YES;
				GCC_C_LANGUAGE_STANDARD = gnu99;
				GCC_WARN_64_TO_32_BIT_CONVERSION = YES;
				GCC_WARN_ABOUT_RETURN_TYPE = YES_ERROR;
				GCC_WARN_UNDECLARED_SELECTOR = YES;
				GCC_WARN_UNINITIALIZED_AUTOS = YES_AGGRESSIVE;
				GCC_WARN_UNUSED_FUNCTION = YES;
				GCC_WARN_UNUSED_VARIABLE = YES;
				IPHONEOS_DEPLOYMENT_TARGET = 8.1;
				MTL_ENABLE_DEBUG_INFO = NO;
				SDKROOT = iphoneos;
				VALIDATE_PRODUCT = YES;
			};
			name = Release;
		};
		9F3F91981A725FC2001CE73C /* Debug */ = {
			isa = XCBuildConfiguration;
			buildSettings = {
				ASSETCATALOG_COMPILER_APPICON_NAME = AppIcon;
				ASSETCATALOG_COMPILER_LAUNCHIMAGE_NAME = LaunchImage;
				"CODE_SIGN_IDENTITY[sdk=iphoneos*]" = "";
				INFOPLIST_FILE = "$(SRCROOT)/Colour Memory/Info.plist";
				IPHONEOS_DEPLOYMENT_TARGET = 7.1;
				LD_RUNPATH_SEARCH_PATHS = "$(inherited) @executable_path/Frameworks";
				PRODUCT_NAME = "Colour Memory";
			};
			name = Debug;
		};
		9F3F91991A725FC2001CE73C /* Release */ = {
			isa = XCBuildConfiguration;
			buildSettings = {
				ASSETCATALOG_COMPILER_APPICON_NAME = AppIcon;
				ASSETCATALOG_COMPILER_LAUNCHIMAGE_NAME = LaunchImage;
				"CODE_SIGN_IDENTITY[sdk=iphoneos*]" = "";
				INFOPLIST_FILE = "$(SRCROOT)/Colour Memory/Info.plist";
				IPHONEOS_DEPLOYMENT_TARGET = 7.1;
				LD_RUNPATH_SEARCH_PATHS = "$(inherited) @executable_path/Frameworks";
				PRODUCT_NAME = "Colour Memory";
			};
			name = Release;
		};
		9F3F919B1A725FC2001CE73C /* Debug */ = {
			isa = XCBuildConfiguration;
			buildSettings = {
				BUNDLE_LOADER = "$(TEST_HOST)";
				FRAMEWORK_SEARCH_PATHS = (
					"$(SDKROOT)/Developer/Library/Frameworks",
					"$(inherited)",
				);
				GCC_PREPROCESSOR_DEFINITIONS = (
					"DEBUG=1",
					"$(inherited)",
				);
				INFOPLIST_FILE = "Colour MemoryTests/Info.plist";
				LD_RUNPATH_SEARCH_PATHS = "$(inherited) @executable_path/Frameworks @loader_path/Frameworks";
				PRODUCT_NAME = "Colour MemoryTests";
				TEST_HOST = "$(BUILT_PRODUCTS_DIR)/Memory Game.app/Memory Game";
			};
			name = Debug;
		};
		9F3F919C1A725FC2001CE73C /* Release */ = {
			isa = XCBuildConfiguration;
			buildSettings = {
				BUNDLE_LOADER = "$(TEST_HOST)";
				FRAMEWORK_SEARCH_PATHS = (
					"$(SDKROOT)/Developer/Library/Frameworks",
					"$(inherited)",
				);
				INFOPLIST_FILE = "Colour MemoryTests/Info.plist";
				LD_RUNPATH_SEARCH_PATHS = "$(inherited) @executable_path/Frameworks @loader_path/Frameworks";
				PRODUCT_NAME = "Colour MemoryTests";
				TEST_HOST = "$(BUILT_PRODUCTS_DIR)/Memory Game.app/Memory Game";
			};
			name = Release;
		};
/* End XCBuildConfiguration section */

/* Begin XCConfigurationList section */
		9F3F916C1A725FC2001CE73C /* Build configuration list for PBXProject "Colour Memory" */ = {
			isa = XCConfigurationList;
			buildConfigurations = (
				9F3F91951A725FC2001CE73C /* Debug */,
				9F3F91961A725FC2001CE73C /* Release */,
			);
			defaultConfigurationIsVisible = 0;
			defaultConfigurationName = Release;
		};
		9F3F91971A725FC2001CE73C /* Build configuration list for PBXNativeTarget "Colour Memory" */ = {
			isa = XCConfigurationList;
			buildConfigurations = (
				9F3F91981A725FC2001CE73C /* Debug */,
				9F3F91991A725FC2001CE73C /* Release */,
			);
			defaultConfigurationIsVisible = 0;
			defaultConfigurationName = Release;
		};
		9F3F919A1A725FC2001CE73C /* Build configuration list for PBXNativeTarget "Colour MemoryTests" */ = {
			isa = XCConfigurationList;
			buildConfigurations = (
				9F3F919B1A725FC2001CE73C /* Debug */,
				9F3F919C1A725FC2001CE73C /* Release */,
			);
			defaultConfigurationIsVisible = 0;
			defaultConfigurationName = Release;
		};
/* End XCConfigurationList section */

/* Begin XCVersionGroup section */
		9F3F917B1A725FC2001CE73C /* Memory_Game.xcdatamodeld */ = {
			isa = XCVersionGroup;
			children = (
				9F3F917C1A725FC2001CE73C /* Memory_Game.xcdatamodel */,
			);
			currentVersion = 9F3F917C1A725FC2001CE73C /* Memory_Game.xcdatamodel */;
			path = Memory_Game.xcdatamodeld;
			sourceTree = "<group>";
			versionGroupType = wrapper.xcdatamodel;
		};
/* End XCVersionGroup section */
	};
	rootObject = 9F3F91691A725FC2001CE73C /* Project object */;
}
